// !$*UTF8*$!
{
	archiveVersion = 1;
	classes = {
	};
	objectVersion = 56;
	objects = {

/* Begin PBXBuildFile section */
		C5E7B53129B6E8E7002C9C25 /* ShoppingAppApp.swift in Sources */ = {isa = PBXBuildFile; fileRef = C5E7B53029B6E8E7002C9C25 /* ShoppingAppApp.swift */; };
		C5E7B53329B6E8E7002C9C25 /* ContentView.swift in Sources */ = {isa = PBXBuildFile; fileRef = C5E7B53229B6E8E7002C9C25 /* ContentView.swift */; };
		C5E7B53529B6E8E8002C9C25 /* Assets.xcassets in Resources */ = {isa = PBXBuildFile; fileRef = C5E7B53429B6E8E8002C9C25 /* Assets.xcassets */; };
		C5E7B53829B6E8E8002C9C25 /* Preview Assets.xcassets in Resources */ = {isa = PBXBuildFile; fileRef = C5E7B53729B6E8E8002C9C25 /* Preview Assets.xcassets */; };
		C5E7B54229B6E8E9002C9C25 /* ShoppingAppTests.swift in Sources */ = {isa = PBXBuildFile; fileRef = C5E7B54129B6E8E9002C9C25 /* ShoppingAppTests.swift */; };
		C5E7B54C29B6E8E9002C9C25 /* ShoppingAppUITests.swift in Sources */ = {isa = PBXBuildFile; fileRef = C5E7B54B29B6E8E9002C9C25 /* ShoppingAppUITests.swift */; };
		C5E7B54E29B6E8E9002C9C25 /* ShoppingAppUITestsLaunchTests.swift in Sources */ = {isa = PBXBuildFile; fileRef = C5E7B54D29B6E8E9002C9C25 /* ShoppingAppUITestsLaunchTests.swift */; };
		C5E7B55B29B6EAA3002C9C25 /* OnboardingScreenView.swift in Sources */ = {isa = PBXBuildFile; fileRef = C5E7B55A29B6EAA3002C9C25 /* OnboardingScreenView.swift */; };
		C5E7B55E29B6EAD1002C9C25 /* HomeScreen.swift in Sources */ = {isa = PBXBuildFile; fileRef = C5E7B55D29B6EAD1002C9C25 /* HomeScreen.swift */; };
		C5E7B56129B6EF4E002C9C25 /* ImageData.swift in Sources */ = {isa = PBXBuildFile; fileRef = C5E7B56029B6EF4E002C9C25 /* ImageData.swift */; };
		C5E7B56329B6EF5F002C9C25 /* NearYouData.swift in Sources */ = {isa = PBXBuildFile; fileRef = C5E7B56229B6EF5F002C9C25 /* NearYouData.swift */; };
		C5E7B56529B79530002C9C25 /* FruitCardView.swift in Sources */ = {isa = PBXBuildFile; fileRef = C5E7B56429B79530002C9C25 /* FruitCardView.swift */; };
		C5E7B56729B798D2002C9C25 /* DetailView.swift in Sources */ = {isa = PBXBuildFile; fileRef = C5E7B56629B798D2002C9C25 /* DetailView.swift */; };
		C5E7B56929B79905002C9C25 /* TopSellingView.swift in Sources */ = {isa = PBXBuildFile; fileRef = C5E7B56829B79905002C9C25 /* TopSellingView.swift */; };
/* End PBXBuildFile section */

/* Begin PBXContainerItemProxy section */
		C5E7B53E29B6E8E9002C9C25 /* PBXContainerItemProxy */ = {
			isa = PBXContainerItemProxy;
			containerPortal = C5E7B52529B6E8E7002C9C25 /* Project object */;
			proxyType = 1;
			remoteGlobalIDString = C5E7B52C29B6E8E7002C9C25;
			remoteInfo = ShoppingApp;
		};
		C5E7B54829B6E8E9002C9C25 /* PBXContainerItemProxy */ = {
			isa = PBXContainerItemProxy;
			containerPortal = C5E7B52529B6E8E7002C9C25 /* Project object */;
			proxyType = 1;
			remoteGlobalIDString = C5E7B52C29B6E8E7002C9C25;
			remoteInfo = ShoppingApp;
		};
/* End PBXContainerItemProxy section */

/* Begin PBXFileReference section */
		C5E7B52D29B6E8E7002C9C25 /* ShoppingApp.app */ = {isa = PBXFileReference; explicitFileType = wrapper.application; includeInIndex = 0; path = ShoppingApp.app; sourceTree = BUILT_PRODUCTS_DIR; };
		C5E7B53029B6E8E7002C9C25 /* ShoppingAppApp.swift */ = {isa = PBXFileReference; lastKnownFileType = sourcecode.swift; path = ShoppingAppApp.swift; sourceTree = "<group>"; };
		C5E7B53229B6E8E7002C9C25 /* ContentView.swift */ = {isa = PBXFileReference; lastKnownFileType = sourcecode.swift; path = ContentView.swift; sourceTree = "<group>"; };
		C5E7B53429B6E8E8002C9C25 /* Assets.xcassets */ = {isa = PBXFileReference; lastKnownFileType = folder.assetcatalog; path = Assets.xcassets; sourceTree = "<group>"; };
		C5E7B53729B6E8E8002C9C25 /* Preview Assets.xcassets */ = {isa = PBXFileReference; lastKnownFileType = folder.assetcatalog; path = "Preview Assets.xcassets"; sourceTree = "<group>"; };
		C5E7B53D29B6E8E9002C9C25 /* ShoppingAppTests.xctest */ = {isa = PBXFileReference; explicitFileType = wrapper.cfbundle; includeInIndex = 0; path = ShoppingAppTests.xctest; sourceTree = BUILT_PRODUCTS_DIR; };
		C5E7B54129B6E8E9002C9C25 /* ShoppingAppTests.swift */ = {isa = PBXFileReference; lastKnownFileType = sourcecode.swift; path = ShoppingAppTests.swift; sourceTree = "<group>"; };
		C5E7B54729B6E8E9002C9C25 /* ShoppingAppUITests.xctest */ = {isa = PBXFileReference; explicitFileType = wrapper.cfbundle; includeInIndex = 0; path = ShoppingAppUITests.xctest; sourceTree = BUILT_PRODUCTS_DIR; };
		C5E7B54B29B6E8E9002C9C25 /* ShoppingAppUITests.swift */ = {isa = PBXFileReference; lastKnownFileType = sourcecode.swift; path = ShoppingAppUITests.swift; sourceTree = "<group>"; };
		C5E7B54D29B6E8E9002C9C25 /* ShoppingAppUITestsLaunchTests.swift */ = {isa = PBXFileReference; lastKnownFileType = sourcecode.swift; path = ShoppingAppUITestsLaunchTests.swift; sourceTree = "<group>"; };
		C5E7B55A29B6EAA3002C9C25 /* OnboardingScreenView.swift */ = {isa = PBXFileReference; lastKnownFileType = sourcecode.swift; path = OnboardingScreenView.swift; sourceTree = "<group>"; };
		C5E7B55D29B6EAD1002C9C25 /* HomeScreen.swift */ = {isa = PBXFileReference; lastKnownFileType = sourcecode.swift; path = HomeScreen.swift; sourceTree = "<group>"; };
		C5E7B56029B6EF4E002C9C25 /* ImageData.swift */ = {isa = PBXFileReference; lastKnownFileType = sourcecode.swift; path = ImageData.swift; sourceTree = "<group>"; };
		C5E7B56229B6EF5F002C9C25 /* NearYouData.swift */ = {isa = PBXFileReference; lastKnownFileType = sourcecode.swift; path = NearYouData.swift; sourceTree = "<group>"; };
		C5E7B56429B79530002C9C25 /* FruitCardView.swift */ = {isa = PBXFileReference; lastKnownFileType = sourcecode.swift; path = FruitCardView.swift; sourceTree = "<group>"; };
		C5E7B56629B798D2002C9C25 /* DetailView.swift */ = {isa = PBXFileReference; lastKnownFileType = sourcecode.swift; path = DetailView.swift; sourceTree = "<group>"; };
		C5E7B56829B79905002C9C25 /* TopSellingView.swift */ = {isa = PBXFileReference; lastKnownFileType = sourcecode.swift; path = TopSellingView.swift; sourceTree = "<group>"; };
/* End PBXFileReference section */

/* Begin PBXFrameworksBuildPhase section */
		C5E7B52A29B6E8E7002C9C25 /* Frameworks */ = {
			isa = PBXFrameworksBuildPhase;
			buildActionMask = 2147483647;
			files = (
			);
			runOnlyForDeploymentPostprocessing = 0;
		};
		C5E7B53A29B6E8E9002C9C25 /* Frameworks */ = {
			isa = PBXFrameworksBuildPhase;
			buildActionMask = 2147483647;
			files = (
			);
			runOnlyForDeploymentPostprocessing = 0;
		};
		C5E7B54429B6E8E9002C9C25 /* Frameworks */ = {
			isa = PBXFrameworksBuildPhase;
			buildActionMask = 2147483647;
			files = (
			);
			runOnlyForDeploymentPostprocessing = 0;
		};
/* End PBXFrameworksBuildPhase section */

/* Begin PBXGroup section */
		C5E7B52429B6E8E7002C9C25 = {
			isa = PBXGroup;
			children = (
				C5E7B52F29B6E8E7002C9C25 /* ShoppingApp */,
				C5E7B54029B6E8E9002C9C25 /* ShoppingAppTests */,
				C5E7B54A29B6E8E9002C9C25 /* ShoppingAppUITests */,
				C5E7B52E29B6E8E7002C9C25 /* Products */,
			);
			sourceTree = "<group>";
		};
		C5E7B52E29B6E8E7002C9C25 /* Products */ = {
			isa = PBXGroup;
			children = (
				C5E7B52D29B6E8E7002C9C25 /* ShoppingApp.app */,
				C5E7B53D29B6E8E9002C9C25 /* ShoppingAppTests.xctest */,
				C5E7B54729B6E8E9002C9C25 /* ShoppingAppUITests.xctest */,
			);
			name = Products;
			sourceTree = "<group>";
		};
		C5E7B52F29B6E8E7002C9C25 /* ShoppingApp */ = {
			isa = PBXGroup;
			children = (
				C5E7B55F29B6EF27002C9C25 /* Model */,
				C5E7B55C29B6EAB0002C9C25 /* HomeScreenViews */,
				C5E7B53029B6E8E7002C9C25 /* ShoppingAppApp.swift */,
				C5E7B53229B6E8E7002C9C25 /* ContentView.swift */,
				C5E7B55A29B6EAA3002C9C25 /* OnboardingScreenView.swift */,
				C5E7B53429B6E8E8002C9C25 /* Assets.xcassets */,
				C5E7B53629B6E8E8002C9C25 /* Preview Content */,
			);
			path = ShoppingApp;
			sourceTree = "<group>";
		};
		C5E7B53629B6E8E8002C9C25 /* Preview Content */ = {
			isa = PBXGroup;
			children = (
				C5E7B53729B6E8E8002C9C25 /* Preview Assets.xcassets */,
			);
			path = "Preview Content";
			sourceTree = "<group>";
		};
		C5E7B54029B6E8E9002C9C25 /* ShoppingAppTests */ = {
			isa = PBXGroup;
			children = (
				C5E7B54129B6E8E9002C9C25 /* ShoppingAppTests.swift */,
			);
			path = ShoppingAppTests;
			sourceTree = "<group>";
		};
		C5E7B54A29B6E8E9002C9C25 /* ShoppingAppUITests */ = {
			isa = PBXGroup;
			children = (
				C5E7B54B29B6E8E9002C9C25 /* ShoppingAppUITests.swift */,
				C5E7B54D29B6E8E9002C9C25 /* ShoppingAppUITestsLaunchTests.swift */,
			);
			path = ShoppingAppUITests;
			sourceTree = "<group>";
		};
		C5E7B55C29B6EAB0002C9C25 /* HomeScreenViews */ = {
			isa = PBXGroup;
			children = (
				C5E7B55D29B6EAD1002C9C25 /* HomeScreen.swift */,
				C5E7B56429B79530002C9C25 /* FruitCardView.swift */,
				C5E7B56629B798D2002C9C25 /* DetailView.swift */,
				C5E7B56829B79905002C9C25 /* TopSellingView.swift */,
			);
			path = HomeScreenViews;
			sourceTree = "<group>";
		};
		C5E7B55F29B6EF27002C9C25 /* Model */ = {
			isa = PBXGroup;
			children = (
				C5E7B56029B6EF4E002C9C25 /* ImageData.swift */,
				C5E7B56229B6EF5F002C9C25 /* NearYouData.swift */,
			);
			path = Model;
			sourceTree = "<group>";
		};
/* End PBXGroup section */

/* Begin PBXNativeTarget section */
		C5E7B52C29B6E8E7002C9C25 /* ShoppingApp */ = {
			isa = PBXNativeTarget;
			buildConfigurationList = C5E7B55129B6E8E9002C9C25 /* Build configuration list for PBXNativeTarget "ShoppingApp" */;
			buildPhases = (
				C5E7B52929B6E8E7002C9C25 /* Sources */,
				C5E7B52A29B6E8E7002C9C25 /* Frameworks */,
				C5E7B52B29B6E8E7002C9C25 /* Resources */,
			);
			buildRules = (
			);
			dependencies = (
			);
			name = ShoppingApp;
			productName = ShoppingApp;
			productReference = C5E7B52D29B6E8E7002C9C25 /* ShoppingApp.app */;
			productType = "com.apple.product-type.application";
		};
		C5E7B53C29B6E8E9002C9C25 /* ShoppingAppTests */ = {
			isa = PBXNativeTarget;
			buildConfigurationList = C5E7B55429B6E8E9002C9C25 /* Build configuration list for PBXNativeTarget "ShoppingAppTests" */;
			buildPhases = (
				C5E7B53929B6E8E9002C9C25 /* Sources */,
				C5E7B53A29B6E8E9002C9C25 /* Frameworks */,
				C5E7B53B29B6E8E9002C9C25 /* Resources */,
			);
			buildRules = (
			);
			dependencies = (
				C5E7B53F29B6E8E9002C9C25 /* PBXTargetDependency */,
			);
			name = ShoppingAppTests;
			productName = ShoppingAppTests;
			productReference = C5E7B53D29B6E8E9002C9C25 /* ShoppingAppTests.xctest */;
			productType = "com.apple.product-type.bundle.unit-test";
		};
		C5E7B54629B6E8E9002C9C25 /* ShoppingAppUITests */ = {
			isa = PBXNativeTarget;
			buildConfigurationList = C5E7B55729B6E8E9002C9C25 /* Build configuration list for PBXNativeTarget "ShoppingAppUITests" */;
			buildPhases = (
				C5E7B54329B6E8E9002C9C25 /* Sources */,
				C5E7B54429B6E8E9002C9C25 /* Frameworks */,
				C5E7B54529B6E8E9002C9C25 /* Resources */,
			);
			buildRules = (
			);
			dependencies = (
				C5E7B54929B6E8E9002C9C25 /* PBXTargetDependency */,
			);
			name = ShoppingAppUITests;
			productName = ShoppingAppUITests;
			productReference = C5E7B54729B6E8E9002C9C25 /* ShoppingAppUITests.xctest */;
			productType = "com.apple.product-type.bundle.ui-testing";
		};
/* End PBXNativeTarget section */

/* Begin PBXProject section */
		C5E7B52529B6E8E7002C9C25 /* Project object */ = {
			isa = PBXProject;
			attributes = {
				BuildIndependentTargetsInParallel = 1;
				LastSwiftUpdateCheck = 1420;
				LastUpgradeCheck = 1420;
				TargetAttributes = {
					C5E7B52C29B6E8E7002C9C25 = {
						CreatedOnToolsVersion = 14.2;
					};
					C5E7B53C29B6E8E9002C9C25 = {
						CreatedOnToolsVersion = 14.2;
						TestTargetID = C5E7B52C29B6E8E7002C9C25;
					};
					C5E7B54629B6E8E9002C9C25 = {
						CreatedOnToolsVersion = 14.2;
						TestTargetID = C5E7B52C29B6E8E7002C9C25;
					};
				};
			};
			buildConfigurationList = C5E7B52829B6E8E7002C9C25 /* Build configuration list for PBXProject "ShoppingApp" */;
			compatibilityVersion = "Xcode 14.0";
			developmentRegion = en;
			hasScannedForEncodings = 0;
			knownRegions = (
				en,
				Base,
			);
			mainGroup = C5E7B52429B6E8E7002C9C25;
			productRefGroup = C5E7B52E29B6E8E7002C9C25 /* Products */;
			projectDirPath = "";
			projectRoot = "";
			targets = (
				C5E7B52C29B6E8E7002C9C25 /* ShoppingApp */,
				C5E7B53C29B6E8E9002C9C25 /* ShoppingAppTests */,
				C5E7B54629B6E8E9002C9C25 /* ShoppingAppUITests */,
			);
		};
/* End PBXProject section */

/* Begin PBXResourcesBuildPhase section */
		C5E7B52B29B6E8E7002C9C25 /* Resources */ = {
			isa = PBXResourcesBuildPhase;
			buildActionMask = 2147483647;
			files = (
				C5E7B53829B6E8E8002C9C25 /* Preview Assets.xcassets in Resources */,
				C5E7B53529B6E8E8002C9C25 /* Assets.xcassets in Resources */,
			);
			runOnlyForDeploymentPostprocessing = 0;
		};
		C5E7B53B29B6E8E9002C9C25 /* Resources */ = {
			isa = PBXResourcesBuildPhase;
			buildActionMask = 2147483647;
			files = (
			);
			runOnlyForDeploymentPostprocessing = 0;
		};
		C5E7B54529B6E8E9002C9C25 /* Resources */ = {
			isa = PBXResourcesBuildPhase;
			buildActionMask = 2147483647;
			files = (
			);
			runOnlyForDeploymentPostprocessing = 0;
		};
/* End PBXResourcesBuildPhase section */

/* Begin PBXSourcesBuildPhase section */
		C5E7B52929B6E8E7002C9C25 /* Sources */ = {
			isa = PBXSourcesBuildPhase;
			buildActionMask = 2147483647;
			files = (
				C5E7B55E29B6EAD1002C9C25 /* HomeScreen.swift in Sources */,
				C5E7B56729B798D2002C9C25 /* DetailView.swift in Sources */,
				C5E7B56929B79905002C9C25 /* TopSellingView.swift in Sources */,
				C5E7B56329B6EF5F002C9C25 /* NearYouData.swift in Sources */,
				C5E7B53329B6E8E7002C9C25 /* ContentView.swift in Sources */,
				C5E7B55B29B6EAA3002C9C25 /* OnboardingScreenView.swift in Sources */,
				C5E7B56529B79530002C9C25 /* FruitCardView.swift in Sources */,
				C5E7B56129B6EF4E002C9C25 /* ImageData.swift in Sources */,
				C5E7B53129B6E8E7002C9C25 /* ShoppingAppApp.swift in Sources */,
			);
			runOnlyForDeploymentPostprocessing = 0;
		};
		C5E7B53929B6E8E9002C9C25 /* Sources */ = {
			isa = PBXSourcesBuildPhase;
			buildActionMask = 2147483647;
			files = (
				C5E7B54229B6E8E9002C9C25 /* ShoppingAppTests.swift in Sources */,
			);
			runOnlyForDeploymentPostprocessing = 0;
		};
		C5E7B54329B6E8E9002C9C25 /* Sources */ = {
			isa = PBXSourcesBuildPhase;
			buildActionMask = 2147483647;
			files = (
				C5E7B54E29B6E8E9002C9C25 /* ShoppingAppUITestsLaunchTests.swift in Sources */,
				C5E7B54C29B6E8E9002C9C25 /* ShoppingAppUITests.swift in Sources */,
			);
			runOnlyForDeploymentPostprocessing = 0;
		};
/* End PBXSourcesBuildPhase section */

/* Begin PBXTargetDependency section */
		C5E7B53F29B6E8E9002C9C25 /* PBXTargetDependency */ = {
			isa = PBXTargetDependency;
			target = C5E7B52C29B6E8E7002C9C25 /* ShoppingApp */;
			targetProxy = C5E7B53E29B6E8E9002C9C25 /* PBXContainerItemProxy */;
		};
		C5E7B54929B6E8E9002C9C25 /* PBXTargetDependency */ = {
			isa = PBXTargetDependency;
			target = C5E7B52C29B6E8E7002C9C25 /* ShoppingApp */;
			targetProxy = C5E7B54829B6E8E9002C9C25 /* PBXContainerItemProxy */;
		};
/* End PBXTargetDependency section */

/* Begin XCBuildConfiguration section */
		C5E7B54F29B6E8E9002C9C25 /* Debug */ = {
			isa = XCBuildConfiguration;
			buildSettings = {
				ALWAYS_SEARCH_USER_PATHS = NO;
				CLANG_ANALYZER_NONNULL = YES;
				CLANG_ANALYZER_NUMBER_OBJECT_CONVERSION = YES_AGGRESSIVE;
				CLANG_CXX_LANGUAGE_STANDARD = "gnu++20";
				CLANG_ENABLE_MODULES = YES;
				CLANG_ENABLE_OBJC_ARC = YES;
				CLANG_ENABLE_OBJC_WEAK = YES;
				CLANG_WARN_BLOCK_CAPTURE_AUTORELEASING = YES;
				CLANG_WARN_BOOL_CONVERSION = YES;
				CLANG_WARN_COMMA = YES;
				CLANG_WARN_CONSTANT_CONVERSION = YES;
				CLANG_WARN_DEPRECATED_OBJC_IMPLEMENTATIONS = YES;
				CLANG_WARN_DIRECT_OBJC_ISA_USAGE = YES_ERROR;
				CLANG_WARN_DOCUMENTATION_COMMENTS = YES;
				CLANG_WARN_EMPTY_BODY = YES;
				CLANG_WARN_ENUM_CONVERSION = YES;
				CLANG_WARN_INFINITE_RECURSION = YES;
				CLANG_WARN_INT_CONVERSION = YES;
				CLANG_WARN_NON_LITERAL_NULL_CONVERSION = YES;
				CLANG_WARN_OBJC_IMPLICIT_RETAIN_SELF = YES;
				CLANG_WARN_OBJC_LITERAL_CONVERSION = YES;
				CLANG_WARN_OBJC_ROOT_CLASS = YES_ERROR;
				CLANG_WARN_QUOTED_INCLUDE_IN_FRAMEWORK_HEADER = YES;
				CLANG_WARN_RANGE_LOOP_ANALYSIS = YES;
				CLANG_WARN_STRICT_PROTOTYPES = YES;
				CLANG_WARN_SUSPICIOUS_MOVE = YES;
				CLANG_WARN_UNGUARDED_AVAILABILITY = YES_AGGRESSIVE;
				CLANG_WARN_UNREACHABLE_CODE = YES;
				CLANG_WARN__DUPLICATE_METHOD_MATCH = YES;
				COPY_PHASE_STRIP = NO;
				DEBUG_INFORMATION_FORMAT = dwarf;
				ENABLE_STRICT_OBJC_MSGSEND = YES;
				ENABLE_TESTABILITY = YES;
				GCC_C_LANGUAGE_STANDARD = gnu11;
				GCC_DYNAMIC_NO_PIC = NO;
				GCC_NO_COMMON_BLOCKS = YES;
				GCC_OPTIMIZATION_LEVEL = 0;
				GCC_PREPROCESSOR_DEFINITIONS = (
					"DEBUG=1",
					"$(inherited)",
				);
				GCC_WARN_64_TO_32_BIT_CONVERSION = YES;
				GCC_WARN_ABOUT_RETURN_TYPE = YES_ERROR;
				GCC_WARN_UNDECLARED_SELECTOR = YES;
				GCC_WARN_UNINITIALIZED_AUTOS = YES_AGGRESSIVE;
				GCC_WARN_UNUSED_FUNCTION = YES;
				GCC_WARN_UNUSED_VARIABLE = YES;
				IPHONEOS_DEPLOYMENT_TARGET = 16.2;
				MTL_ENABLE_DEBUG_INFO = INCLUDE_SOURCE;
				MTL_FAST_MATH = YES;
				ONLY_ACTIVE_ARCH = YES;
				SDKROOT = iphoneos;
				SWIFT_ACTIVE_COMPILATION_CONDITIONS = DEBUG;
				SWIFT_OPTIMIZATION_LEVEL = "-Onone";
			};
			name = Debug;
		};
		C5E7B55029B6E8E9002C9C25 /* Release */ = {
			isa = XCBuildConfiguration;
			buildSettings = {
				ALWAYS_SEARCH_USER_PATHS = NO;
				CLANG_ANALYZER_NONNULL = YES;
				CLANG_ANALYZER_NUMBER_OBJECT_CONVERSION = YES_AGGRESSIVE;
				CLANG_CXX_LANGUAGE_STANDARD = "gnu++20";
				CLANG_ENABLE_MODULES = YES;
				CLANG_ENABLE_OBJC_ARC = YES;
				CLANG_ENABLE_OBJC_WEAK = YES;
				CLANG_WARN_BLOCK_CAPTURE_AUTORELEASING = YES;
				CLANG_WARN_BOOL_CONVERSION = YES;
				CLANG_WARN_COMMA = YES;
				CLANG_WARN_CONSTANT_CONVERSION = YES;
				CLANG_WARN_DEPRECATED_OBJC_IMPLEMENTATIONS = YES;
				CLANG_WARN_DIRECT_OBJC_ISA_USAGE = YES_ERROR;
				CLANG_WARN_DOCUMENTATION_COMMENTS = YES;
				CLANG_WARN_EMPTY_BODY = YES;
				CLANG_WARN_ENUM_CONVERSION = YES;
				CLANG_WARN_INFINITE_RECURSION = YES;
				CLANG_WARN_INT_CONVERSION = YES;
				CLANG_WARN_NON_LITERAL_NULL_CONVERSION = YES;
				CLANG_WARN_OBJC_IMPLICIT_RETAIN_SELF = YES;
				CLANG_WARN_OBJC_LITERAL_CONVERSION = YES;
				CLANG_WARN_OBJC_ROOT_CLASS = YES_ERROR;
				CLANG_WARN_QUOTED_INCLUDE_IN_FRAMEWORK_HEADER = YES;
				CLANG_WARN_RANGE_LOOP_ANALYSIS = YES;
				CLANG_WARN_STRICT_PROTOTYPES = YES;
				CLANG_WARN_SUSPICIOUS_MOVE = YES;
				CLANG_WARN_UNGUARDED_AVAILABILITY = YES_AGGRESSIVE;
				CLANG_WARN_UNREACHABLE_CODE = YES;
				CLANG_WARN__DUPLICATE_METHOD_MATCH = YES;
				COPY_PHASE_STRIP = NO;
				DEBUG_INFORMATION_FORMAT = "dwarf-with-dsym";
				ENABLE_NS_ASSERTIONS = NO;
				ENABLE_STRICT_OBJC_MSGSEND = YES;
				GCC_C_LANGUAGE_STANDARD = gnu11;
				GCC_NO_COMMON_BLOCKS = YES;
				GCC_WARN_64_TO_32_BIT_CONVERSION = YES;
				GCC_WARN_ABOUT_RETURN_TYPE = YES_ERROR;
				GCC_WARN_UNDECLARED_SELECTOR = YES;
				GCC_WARN_UNINITIALIZED_AUTOS = YES_AGGRESSIVE;
				GCC_WARN_UNUSED_FUNCTION = YES;
				GCC_WARN_UNUSED_VARIABLE = YES;
				IPHONEOS_DEPLOYMENT_TARGET = 16.2;
				MTL_ENABLE_DEBUG_INFO = NO;
				MTL_FAST_MATH = YES;
				SDKROOT = iphoneos;
				SWIFT_COMPILATION_MODE = wholemodule;
				SWIFT_OPTIMIZATION_LEVEL = "-O";
				VALIDATE_PRODUCT = YES;
			};
			name = Release;
		};
		C5E7B55229B6E8E9002C9C25 /* Debug */ = {
			isa = XCBuildConfiguration;
			buildSettings = {
				ASSETCATALOG_COMPILER_APPICON_NAME = AppIcon;
				ASSETCATALOG_COMPILER_GLOBAL_ACCENT_COLOR_NAME = AccentColor;
				CODE_SIGN_STYLE = Automatic;
				CURRENT_PROJECT_VERSION = 1;
				DEVELOPMENT_ASSET_PATHS = "\"ShoppingApp/Preview Content\"";
				ENABLE_PREVIEWS = YES;
				GENERATE_INFOPLIST_FILE = YES;
				INFOPLIST_KEY_UIApplicationSceneManifest_Generation = YES;
				INFOPLIST_KEY_UIApplicationSupportsIndirectInputEvents = YES;
				INFOPLIST_KEY_UILaunchScreen_Generation = YES;
				INFOPLIST_KEY_UISupportedInterfaceOrientations_iPad = "UIInterfaceOrientationPortrait UIInterfaceOrientationPortraitUpsideDown UIInterfaceOrientationLandscapeLeft UIInterfaceOrientationLandscapeRight";
				INFOPLIST_KEY_UISupportedInterfaceOrientations_iPhone = "UIInterfaceOrientationPortrait UIInterfaceOrientationLandscapeLeft UIInterfaceOrientationLandscapeRight";
				LD_RUNPATH_SEARCH_PATHS = (
					"$(inherited)",
					"@executable_path/Frameworks",
				);
				MARKETING_VERSION = 1.0;
				PRODUCT_BUNDLE_IDENTIFIER = ca.georgianc.jaspal.ShoppingApp;
				PRODUCT_NAME = "$(TARGET_NAME)";
				SWIFT_EMIT_LOC_STRINGS = YES;
				SWIFT_VERSION = 5.0;
				TARGETED_DEVICE_FAMILY = "1,2";
			};
			name = Debug;
		};
		C5E7B55329B6E8E9002C9C25 /* Release */ = {
			isa = XCBuildConfiguration;
			buildSettings = {
				ASSETCATALOG_COMPILER_APPICON_NAME = AppIcon;
				ASSETCATALOG_COMPILER_GLOBAL_ACCENT_COLOR_NAME = AccentColor;
				CODE_SIGN_STYLE = Automatic;
				CURRENT_PROJECT_VERSION = 1;
				DEVELOPMENT_ASSET_PATHS = "\"ShoppingApp/Preview Content\"";
				ENABLE_PREVIEWS = YES;
				GENERATE_INFOPLIST_FILE = YES;
				INFOPLIST_KEY_UIApplicationSceneManifest_Generation = YES;
				INFOPLIST_KEY_UIApplicationSupportsIndirectInputEvents = YES;
				INFOPLIST_KEY_UILaunchScreen_Generation = YES;
				INFOPLIST_KEY_UISupportedInterfaceOrientations_iPad = "UIInterfaceOrientationPortrait UIInterfaceOrientationPortraitUpsideDown UIInterfaceOrientationLandscapeLeft UIInterfaceOrientationLandscapeRight";
				INFOPLIST_KEY_UISupportedInterfaceOrientations_iPhone = "UIInterfaceOrientationPortrait UIInterfaceOrientationLandscapeLeft UIInterfaceOrientationLandscapeRight";
				LD_RUNPATH_SEARCH_PATHS = (
					"$(inherited)",
					"@executable_path/Frameworks",
				);
				MARKETING_VERSION = 1.0;
				PRODUCT_BUNDLE_IDENTIFIER = ca.georgianc.jaspal.ShoppingApp;
				PRODUCT_NAME = "$(TARGET_NAME)";
				SWIFT_EMIT_LOC_STRINGS = YES;
				SWIFT_VERSION = 5.0;
				TARGETED_DEVICE_FAMILY = "1,2";
			};
			name = Release;
		};
		C5E7B55529B6E8E9002C9C25 /* Debug */ = {
			isa = XCBuildConfiguration;
			buildSettings = {
				ALWAYS_EMBED_SWIFT_STANDARD_LIBRARIES = YES;
				BUNDLE_LOADER = "$(TEST_HOST)";
				CODE_SIGN_STYLE = Automatic;
				CURRENT_PROJECT_VERSION = 1;
				GENERATE_INFOPLIST_FILE = YES;
				IPHONEOS_DEPLOYMENT_TARGET = 16.2;
				MARKETING_VERSION = 1.0;
				PRODUCT_BUNDLE_IDENTIFIER = ca.georgianc.jaspal.ShoppingAppTests;
				PRODUCT_NAME = "$(TARGET_NAME)";
				SWIFT_EMIT_LOC_STRINGS = NO;
				SWIFT_VERSION = 5.0;
				TARGETED_DEVICE_FAMILY = "1,2";
				TEST_HOST = "$(BUILT_PRODUCTS_DIR)/ShoppingApp.app/$(BUNDLE_EXECUTABLE_FOLDER_PATH)/ShoppingApp";
			};
			name = Debug;
		};
		C5E7B55629B6E8E9002C9C25 /* Release */ = {
			isa = XCBuildConfiguration;
			buildSettings = {
				ALWAYS_EMBED_SWIFT_STANDARD_LIBRARIES = YES;
				BUNDLE_LOADER = "$(TEST_HOST)";
				CODE_SIGN_STYLE = Automatic;
				CURRENT_PROJECT_VERSION = 1;
				GENERATE_INFOPLIST_FILE = YES;
				IPHONEOS_DEPLOYMENT_TARGET = 16.2;
				MARKETING_VERSION = 1.0;
				PRODUCT_BUNDLE_IDENTIFIER = ca.georgianc.jaspal.ShoppingAppTests;
				PRODUCT_NAME = "$(TARGET_NAME)";
				SWIFT_EMIT_LOC_STRINGS = NO;
				SWIFT_VERSION = 5.0;
				TARGETED_DEVICE_FAMILY = "1,2";
				TEST_HOST = "$(BUILT_PRODUCTS_DIR)/ShoppingApp.app/$(BUNDLE_EXECUTABLE_FOLDER_PATH)/ShoppingApp";
			};
			name = Release;
		};
		C5E7B55829B6E8E9002C9C25 /* Debug */ = {
			isa = XCBuildConfiguration;
			buildSettings = {
				ALWAYS_EMBED_SWIFT_STANDARD_LIBRARIES = YES;
				CODE_SIGN_STYLE = Automatic;
				CURRENT_PROJECT_VERSION = 1;
				GENERATE_INFOPLIST_FILE = YES;
				MARKETING_VERSION = 1.0;
				PRODUCT_BUNDLE_IDENTIFIER = ca.georgianc.jaspal.ShoppingAppUITests;
				PRODUCT_NAME = "$(TARGET_NAME)";
				SWIFT_EMIT_LOC_STRINGS = NO;
				SWIFT_VERSION = 5.0;
				TARGETED_DEVICE_FAMILY = "1,2";
				TEST_TARGET_NAME = ShoppingApp;
			};
			name = Debug;
		};
		C5E7B55929B6E8E9002C9C25 /* Release */ = {
			isa = XCBuildConfiguration;
			buildSettings = {
				ALWAYS_EMBED_SWIFT_STANDARD_LIBRARIES = YES;
				CODE_SIGN_STYLE = Automatic;
				CURRENT_PROJECT_VERSION = 1;
				GENERATE_INFOPLIST_FILE = YES;
				MARKETING_VERSION = 1.0;
				PRODUCT_BUNDLE_IDENTIFIER = ca.georgianc.jaspal.ShoppingAppUITests;
				PRODUCT_NAME = "$(TARGET_NAME)";
				SWIFT_EMIT_LOC_STRINGS = NO;
				SWIFT_VERSION = 5.0;
				TARGETED_DEVICE_FAMILY = "1,2";
				TEST_TARGET_NAME = ShoppingApp;
			};
			name = Release;
		};
/* End XCBuildConfiguration section */

/* Begin XCConfigurationList section */
		C5E7B52829B6E8E7002C9C25 /* Build configuration list for PBXProject "ShoppingApp" */ = {
			isa = XCConfigurationList;
			buildConfigurations = (
				C5E7B54F29B6E8E9002C9C25 /* Debug */,
				C5E7B55029B6E8E9002C9C25 /* Release */,
			);
			defaultConfigurationIsVisible = 0;
			defaultConfigurationName = Release;
		};
		C5E7B55129B6E8E9002C9C25 /* Build configuration list for PBXNativeTarget "ShoppingApp" */ = {
			isa = XCConfigurationList;
			buildConfigurations = (
				C5E7B55229B6E8E9002C9C25 /* Debug */,
				C5E7B55329B6E8E9002C9C25 /* Release */,
			);
			defaultConfigurationIsVisible = 0;
			defaultConfigurationName = Release;
		};
		C5E7B55429B6E8E9002C9C25 /* Build configuration list for PBXNativeTarget "ShoppingAppTests" */ = {
			isa = XCConfigurationList;
			buildConfigurations = (
				C5E7B55529B6E8E9002C9C25 /* Debug */,
				C5E7B55629B6E8E9002C9C25 /* Release */,
			);
			defaultConfigurationIsVisible = 0;
			defaultConfigurationName = Release;
		};
		C5E7B55729B6E8E9002C9C25 /* Build configuration list for PBXNativeTarget "ShoppingAppUITests" */ = {
			isa = XCConfigurationList;
			buildConfigurations = (
				C5E7B55829B6E8E9002C9C25 /* Debug */,
				C5E7B55929B6E8E9002C9C25 /* Release */,
			);
			defaultConfigurationIsVisible = 0;
			defaultConfigurationName = Release;
		};
/* End XCConfigurationList section */
	};
	rootObject = C5E7B52529B6E8E7002C9C25 /* Project object */;
}
